
Microsoft Visual Studio Solution File, Format Version 12.00
# Visual Studio Version 16
VisualStudioVersion = 16.0.32126.315
MinimumVisualStudioVersion = 10.0.40219.1
Project("{FAE04EC0-301F-11D3-BF4B-00C04F79EFBC}") = "Lab_3_WindowsForms", "Lab_3_WindowsForms.csproj", "{6CB9E3E1-8377-4320-B911-6FCCF2091831}"
EndProject
Global
	GlobalSection(SolutionConfigurationPlatforms) = preSolution
		Debug|Any CPU = Debug|Any CPU
		Release|Any CPU = Release|Any CPU
	EndGlobalSection
	GlobalSection(ProjectConfigurationPlatforms) = postSolution
		{6CB9E3E1-8377-4320-B911-6FCCF2091831}.Debug|Any CPU.ActiveCfg = Debug|Any CPU
		{6CB9E3E1-8377-4320-B911-6FCCF2091831}.Debug|Any CPU.Build.0 = Debug|Any CPU
		{6CB9E3E1-8377-4320-B911-6FCCF2091831}.Release|Any CPU.ActiveCfg = Release|Any CPU
		{6CB9E3E1-8377-4320-B911-6FCCF2091831}.Release|Any CPU.Build.0 = Release|Any CPU
	EndGlobalSection
	GlobalSection(SolutionProperties) = preSolution
		HideSolutionNode = FALSE
	EndGlobalSection
	GlobalSection(ExtensibilityGlobals) = postSolution
		SolutionGuid = {30F31C2D-7F2F-4A65-92DD-FC3851F434C4}
	EndGlobalSection
EndGlobal
